// !$*UTF8*$!
{
	archiveVersion = 1;
	classes = {};
	objectVersion = 56;
	objects = {

/* Begin PBXBuildFile section */
		A00000000000000000000001 /* WeeklyFlowApp.swift in Sources */ = {isa = PBXBuildFile; fileRef = A00000000000000000000011 /* WeeklyFlowApp.swift */; };
		A00000000000000000000002 /* TaskItem.swift in Sources */ = {isa = PBXBuildFile; fileRef = A00000000000000000000012 /* TaskItem.swift */; };
		A00000000000000000000003 /* WeeklyReport.swift in Sources */ = {isa = PBXBuildFile; fileRef = A00000000000000000000013 /* WeeklyReport.swift */; };
		A00000000000000000000004 /* MainView.swift in Sources */ = {isa = PBXBuildFile; fileRef = A00000000000000000000014 /* MainView.swift */; };
		A00000000000000000000005 /* WeeklyReportTests.swift in Sources */ = {isa = PBXBuildFile; fileRef = A00000000000000000000015 /* WeeklyReportTests.swift */; };
/* End PBXBuildFile section */

/* Begin PBXContainerItemProxy section */
		A00000000000000000000021 /* PBXContainerItemProxy */ = {
			isa = PBXContainerItemProxy;
			containerPortal = A00000000000000000000040 /* Project object */;
			proxyType = 1;
			remoteGlobalIDString = A00000000000000000000030;
			remoteInfo = WeeklyFlow;
		};
/* End PBXContainerItemProxy section */

/* Begin PBXFileReference section */
		A00000000000000000000011 /* WeeklyFlowApp.swift */ = {isa = PBXFileReference; lastKnownFileType = sourcecode.swift; path = WeeklyFlowApp.swift; sourceTree = "<group>"; };
		A00000000000000000000012 /* TaskItem.swift */ = {isa = PBXFileReference; lastKnownFileType = sourcecode.swift; path = TaskItem.swift; sourceTree = "<group>"; };
		A00000000000000000000013 /* WeeklyReport.swift */ = {isa = PBXFileReference; lastKnownFileType = sourcecode.swift; path = WeeklyReport.swift; sourceTree = "<group>"; };
		A00000000000000000000014 /* MainView.swift */ = {isa = PBXFileReference; lastKnownFileType = sourcecode.swift; path = MainView.swift; sourceTree = "<group>"; };
		A00000000000000000000015 /* WeeklyReportTests.swift */ = {isa = PBXFileReference; lastKnownFileType = sourcecode.swift; path = WeeklyReportTests.swift; sourceTree = "<group>"; };
		A00000000000000000000016 /* Info.plist */ = {isa = PBXFileReference; lastKnownFileType = text.plist.xml; path = Info.plist; sourceTree = "<group>"; };
		A00000000000000000000017 /* WeeklyFlow.app */ = {isa = PBXFileReference; explicitFileType = wrapper.application; includeInIndex = 0; path = WeeklyFlow.app; sourceTree = BUILT_PRODUCTS_DIR; };
		A00000000000000000000018 /* WeeklyFlowTests.xctest */ = {isa = PBXFileReference; explicitFileType = wrapper.cfbundle; includeInIndex = 0; path = WeeklyFlowTests.xctest; sourceTree = BUILT_PRODUCTS_DIR; };
/* End PBXFileReference section */

/* Begin PBXFrameworksBuildPhase section */
		A00000000000000000000050 /* Frameworks */ = {isa = PBXFrameworksBuildPhase; buildActionMask = 2147483647; files = (); runOnlyForDeploymentPostprocessing = 0; };
		A00000000000000000000051 /* Frameworks */ = {isa = PBXFrameworksBuildPhase; buildActionMask = 2147483647; files = (); runOnlyForDeploymentPostprocessing = 0; };
/* End PBXFrameworksBuildPhase section */

/* Begin PBXGroup section */
		A00000000000000000000060 = {
			isa = PBXGroup;
			children = (A00000000000000000000061 /* WeeklyFlow */, A00000000000000000000062 /* WeeklyFlowTests */, A00000000000000000000063 /* Products */);
			sourceTree = "<group>";
		};
		A00000000000000000000061 /* WeeklyFlow */ = {
			isa = PBXGroup;
			children = (A00000000000000000000011, A00000000000000000000012, A00000000000000000000013, A00000000000000000000014, A00000000000000000000016);
			path = WeeklyFlow;
			sourceTree = "<group>";
		};
		A00000000000000000000062 /* WeeklyFlowTests */ = {
			isa = PBXGroup;
			children = (A00000000000000000000015);
			path = WeeklyFlowTests;
			sourceTree = "<group>";
		};
		A00000000000000000000063 /* Products */ = {
			isa = PBXGroup;
			children = (A00000000000000000000017, A00000000000000000000018);
			name = Products;
			sourceTree = "<group>";
		};
/* End PBXGroup section */

/* Begin PBXNativeTarget section */
		A00000000000000000000030 /* WeeklyFlow */ = {
			isa = PBXNativeTarget;
			buildConfigurationList = A00000000000000000000080;
			buildPhases = (A00000000000000000000052 /* Sources */, A00000000000000000000050 /* Frameworks */);
			buildRules = ();
			dependencies = ();
			name = WeeklyFlow;
			productName = WeeklyFlow;
			productReference = A00000000000000000000017 /* WeeklyFlow.app */;
			productType = "com.apple.product-type.application";
		};
		A00000000000000000000031 /* WeeklyFlowTests */ = {
			isa = PBXNativeTarget;
			buildConfigurationList = A00000000000000000000081;
			buildPhases = (A00000000000000000000053 /* Sources */, A00000000000000000000051 /* Frameworks */);
			buildRules = ();
			dependencies = (A00000000000000000000022 /* PBXTargetDependency */);
			name = WeeklyFlowTests;
			productName = WeeklyFlowTests;
			productReference = A00000000000000000000018 /* WeeklyFlowTests.xctest */;
			productType = "com.apple.product-type.bundle.unit-test";
		};
/* End PBXNativeTarget section */

/* Begin PBXProject section */
		A00000000000000000000040 /* Project object */ = {
			isa = PBXProject;
			attributes = {
				BuildIndependentTargetsInParallel = 1;
				LastUpgradeCheck = 1600;
				TargetAttributes = {
					A00000000000000000000030 = { CreatedOnToolsVersion = 16.0; };
					A00000000000000000000031 = { CreatedOnToolsVersion = 16.0; TestTargetID = A00000000000000000000030; };
				};
			};
			buildConfigurationList = A00000000000000000000082;
			compatibilityVersion = "Xcode 14.0";
			developmentRegion = ja;
			hasScannedForEncodings = 0;
			knownRegions = (ja, en, Base);
			mainGroup = A00000000000000000000060;
			productRefGroup = A00000000000000000000063;
			projectDirPath = "";
			projectRoot = "";
			targets = (A00000000000000000000030 /* WeeklyFlow */, A00000000000000000000031 /* WeeklyFlowTests */);
		};
/* End PBXProject section */

/* Begin PBXSourcesBuildPhase section */
		A00000000000000000000052 /* Sources */ = {isa = PBXSourcesBuildPhase; buildActionMask = 2147483647; files = (A00000000000000000000001, A00000000000000000000002, A00000000000000000000003, A00000000000000000000004); runOnlyForDeploymentPostprocessing = 0; };
		A00000000000000000000053 /* Sources */ = {isa = PBXSourcesBuildPhase; buildActionMask = 2147483647; files = (A00000000000000000000005); runOnlyForDeploymentPostprocessing = 0; };
/* End PBXSourcesBuildPhase section */

/* Begin PBXTargetDependency section */
		A00000000000000000000022 /* PBXTargetDependency */ = {isa = PBXTargetDependency; target = A00000000000000000000030 /* WeeklyFlow */; targetProxy = A00000000000000000000021 /* PBXContainerItemProxy */; };
/* End PBXTargetDependency section */

/* Begin XCBuildConfiguration section */
		A00000000000000000000090 /* Debug */ = {isa = XCBuildConfiguration; buildSettings = {
			ASSETCATALOG_COMPILER_GENERATE_SWIFT_ASSET_SYMBOL_EXTENSIONS = YES;
			CLANG_ENABLE_MODULES = YES;
			CODE_SIGN_STYLE = Automatic;
			CURRENT_PROJECT_VERSION = 1;
			ENABLE_TESTABILITY = YES;
			INFOPLIST_FILE = WeeklyFlow/Info.plist;
			MACOSX_DEPLOYMENT_TARGET = 14.0;
			MARKETING_VERSION = 0.1.0;
			PRODUCT_BUNDLE_IDENTIFIER = com.example.WeeklyFlow;
			PRODUCT_NAME = "$(TARGET_NAME)";
			SDKROOT = macosx;
			SWIFT_VERSION = 5.0;
		}; name = Debug; };
		A00000000000000000000091 /* Release */ = {isa = XCBuildConfiguration; buildSettings = {
			ASSETCATALOG_COMPILER_GENERATE_SWIFT_ASSET_SYMBOL_EXTENSIONS = YES;
			CLANG_ENABLE_MODULES = YES;
			CODE_SIGN_STYLE = Automatic;
			CURRENT_PROJECT_VERSION = 1;
			INFOPLIST_FILE = WeeklyFlow/Info.plist;
			MACOSX_DEPLOYMENT_TARGET = 14.0;
			MARKETING_VERSION = 0.1.0;
			PRODUCT_BUNDLE_IDENTIFIER = com.example.WeeklyFlow;
			PRODUCT_NAME = "$(TARGET_NAME)";
			SDKROOT = macosx;
			SWIFT_VERSION = 5.0;
		}; name = Release; };
		A00000000000000000000092 /* Debug */ = {isa = XCBuildConfiguration; buildSettings = {
			BUNDLE_LOADER = "$(TEST_HOST)";
			CODE_SIGN_STYLE = Automatic;
			GENERATE_INFOPLIST_FILE = YES;
			MACOSX_DEPLOYMENT_TARGET = 14.0;
			PRODUCT_BUNDLE_IDENTIFIER = com.example.WeeklyFlowTests;
			PRODUCT_NAME = "$(TARGET_NAME)";
			SDKROOT = macosx;
			SWIFT_VERSION = 5.0;
			TEST_HOST = "$(BUILT_PRODUCTS_DIR)/WeeklyFlow.app/Contents/MacOS/WeeklyFlow";
		}; name = Debug; };
		A00000000000000000000093 /* Release */ = {isa = XCBuildConfiguration; buildSettings = {
			BUNDLE_LOADER = "$(TEST_HOST)";
			CODE_SIGN_STYLE = Automatic;
			GENERATE_INFOPLIST_FILE = YES;
			MACOSX_DEPLOYMENT_TARGET = 14.0;
			PRODUCT_BUNDLE_IDENTIFIER = com.example.WeeklyFlowTests;
			PRODUCT_NAME = "$(TARGET_NAME)";
			SDKROOT = macosx;
			SWIFT_VERSION = 5.0;
			TEST_HOST = "$(BUILT_PRODUCTS_DIR)/WeeklyFlow.app/Contents/MacOS/WeeklyFlow";
		}; name = Release; };
		A00000000000000000000094 /* Debug */ = {isa = XCBuildConfiguration; buildSettings = { DEBUG_INFORMATION_FORMAT = dwarf; GCC_OPTIMIZATION_LEVEL = 0; ONLY_ACTIVE_ARCH = YES; SWIFT_ACTIVE_COMPILATION_CONDITIONS = DEBUG; SWIFT_OPTIMIZATION_LEVEL = "-Onone"; }; name = Debug; };
		A00000000000000000000095 /* Release */ = {isa = XCBuildConfiguration; buildSettings = { DEBUG_INFORMATION_FORMAT = "dwarf-with-dsym"; SWIFT_COMPILATION_MODE = wholemodule; SWIFT_OPTIMIZATION_LEVEL = "-O"; }; name = Release; };
/* End XCBuildConfiguration section */

/* Begin XCConfigurationList section */
		A00000000000000000000080 = {isa = XCConfigurationList; buildConfigurations = (A00000000000000000000090, A00000000000000000000091); defaultConfigurationIsVisible = 0; defaultConfigurationName = Release; };
		A00000000000000000000081 = {isa = XCConfigurationList; buildConfigurations = (A00000000000000000000092, A00000000000000000000093); defaultConfigurationIsVisible = 0; defaultConfigurationName = Release; };
		A00000000000000000000082 = {isa = XCConfigurationList; buildConfigurations = (A00000000000000000000094, A00000000000000000000095); defaultConfigurationIsVisible = 0; defaultConfigurationName = Release; };
/* End XCConfigurationList section */
	};
	rootObject = A00000000000000000000040 /* Project object */;
}
